
Microsoft Visual Studio Solution File, Format Version 12.00
# Visual Studio Version 17
VisualStudioVersion = 17.9.34714.143
MinimumVisualStudioVersion = 10.0.40219.1
Project("{FAE04EC0-301F-11D3-BF4B-00C04F79EFBC}") = "SpecFlowTest", "SpecFlowTest\SpecFlowTest.csproj", "{FD630337-31B8-4EF5-8DAA-FF4C113BE88B}"
EndProject
Global
	GlobalSection(SolutionConfigurationPlatforms) = preSolution
		Debug|Any CPU = Debug|Any CPU
		Release|Any CPU = Release|Any CPU
	EndGlobalSection
	GlobalSection(ProjectConfigurationPlatforms) = postSolution
		{FD630337-31B8-4EF5-8DAA-FF4C113BE88B}.Debug|Any CPU.ActiveCfg = Debug|Any CPU
		{FD630337-31B8-4EF5-8DAA-FF4C113BE88B}.Debug|Any CPU.Build.0 = Debug|Any CPU
		{FD630337-31B8-4EF5-8DAA-FF4C113BE88B}.Release|Any CPU.ActiveCfg = Release|Any CPU
		{FD630337-31B8-4EF5-8DAA-FF4C113BE88B}.Release|Any CPU.Build.0 = Release|Any CPU
	EndGlobalSection
	GlobalSection(SolutionProperties) = preSolution
		HideSolutionNode = FALSE
	EndGlobalSection
	GlobalSection(ExtensibilityGlobals) = postSolution
		SolutionGuid = {CE199F96-FF17-4860-AFCE-3EBA33F91B2A}
	EndGlobalSection
EndGlobal
